// !$*UTF8*$!
{
	archiveVersion = 1;
	classes = {
	};
	objectVersion = 50;
	objects = {

/* Begin PBXBuildFile section */
		866BC2E6268AA726006F90E5 /* AppDelegate.swift in Sources */ = {isa = PBXBuildFile; fileRef = 866BC2E5268AA726006F90E5 /* AppDelegate.swift */; };
		866BC2E8268AA726006F90E5 /* SceneDelegate.swift in Sources */ = {isa = PBXBuildFile; fileRef = 866BC2E7268AA726006F90E5 /* SceneDelegate.swift */; };
		866BC2EA268AA726006F90E5 /* ViewController.swift in Sources */ = {isa = PBXBuildFile; fileRef = 866BC2E9268AA726006F90E5 /* ViewController.swift */; };
		866BC2ED268AA726006F90E5 /* Main.storyboard in Resources */ = {isa = PBXBuildFile; fileRef = 866BC2EB268AA726006F90E5 /* Main.storyboard */; };
		866BC2EF268AA727006F90E5 /* Assets.xcassets in Resources */ = {isa = PBXBuildFile; fileRef = 866BC2EE268AA727006F90E5 /* Assets.xcassets */; };
		866BC2F2268AA727006F90E5 /* LaunchScreen.storyboard in Resources */ = {isa = PBXBuildFile; fileRef = 866BC2F0268AA727006F90E5 /* LaunchScreen.storyboard */; };
		866BC2FD268AA727006F90E5 /* Project39_UnitTestingTests.swift in Sources */ = {isa = PBXBuildFile; fileRef = 866BC2FC268AA727006F90E5 /* Project39_UnitTestingTests.swift */; };
		866BC308268AA727006F90E5 /* Project39_UnitTestingUITests.swift in Sources */ = {isa = PBXBuildFile; fileRef = 866BC307268AA727006F90E5 /* Project39_UnitTestingUITests.swift */; };
		866BC316268AA7F0006F90E5 /* plays.txt in Resources */ = {isa = PBXBuildFile; fileRef = 866BC315268AA7F0006F90E5 /* plays.txt */; };
		866BC318268AA8D8006F90E5 /* PlayData.swift in Sources */ = {isa = PBXBuildFile; fileRef = 866BC317268AA8D8006F90E5 /* PlayData.swift */; };
/* End PBXBuildFile section */

/* Begin PBXContainerItemProxy section */
		866BC2F9268AA727006F90E5 /* PBXContainerItemProxy */ = {
			isa = PBXContainerItemProxy;
			containerPortal = 866BC2DA268AA726006F90E5 /* Project object */;
			proxyType = 1;
			remoteGlobalIDString = 866BC2E1268AA726006F90E5;
			remoteInfo = "Project39 UnitTesting";
		};
		866BC304268AA727006F90E5 /* PBXContainerItemProxy */ = {
			isa = PBXContainerItemProxy;
			containerPortal = 866BC2DA268AA726006F90E5 /* Project object */;
			proxyType = 1;
			remoteGlobalIDString = 866BC2E1268AA726006F90E5;
			remoteInfo = "Project39 UnitTesting";
		};
/* End PBXContainerItemProxy section */

/* Begin PBXFileReference section */
		866BC2E2268AA726006F90E5 /* Project39 UnitTesting.app */ = {isa = PBXFileReference; explicitFileType = wrapper.application; includeInIndex = 0; path = "Project39 UnitTesting.app"; sourceTree = BUILT_PRODUCTS_DIR; };
		866BC2E5268AA726006F90E5 /* AppDelegate.swift */ = {isa = PBXFileReference; lastKnownFileType = sourcecode.swift; path = AppDelegate.swift; sourceTree = "<group>"; };
		866BC2E7268AA726006F90E5 /* SceneDelegate.swift */ = {isa = PBXFileReference; lastKnownFileType = sourcecode.swift; path = SceneDelegate.swift; sourceTree = "<group>"; };
		866BC2E9268AA726006F90E5 /* ViewController.swift */ = {isa = PBXFileReference; lastKnownFileType = sourcecode.swift; path = ViewController.swift; sourceTree = "<group>"; };
		866BC2EC268AA726006F90E5 /* Base */ = {isa = PBXFileReference; lastKnownFileType = file.storyboard; name = Base; path = Base.lproj/Main.storyboard; sourceTree = "<group>"; };
		866BC2EE268AA727006F90E5 /* Assets.xcassets */ = {isa = PBXFileReference; lastKnownFileType = folder.assetcatalog; path = Assets.xcassets; sourceTree = "<group>"; };
		866BC2F1268AA727006F90E5 /* Base */ = {isa = PBXFileReference; lastKnownFileType = file.storyboard; name = Base; path = Base.lproj/LaunchScreen.storyboard; sourceTree = "<group>"; };
		866BC2F3268AA727006F90E5 /* Info.plist */ = {isa = PBXFileReference; lastKnownFileType = text.plist.xml; path = Info.plist; sourceTree = "<group>"; };
		866BC2F8268AA727006F90E5 /* Project39 UnitTestingTests.xctest */ = {isa = PBXFileReference; explicitFileType = wrapper.cfbundle; includeInIndex = 0; path = "Project39 UnitTestingTests.xctest"; sourceTree = BUILT_PRODUCTS_DIR; };
		866BC2FC268AA727006F90E5 /* Project39_UnitTestingTests.swift */ = {isa = PBXFileReference; lastKnownFileType = sourcecode.swift; path = Project39_UnitTestingTests.swift; sourceTree = "<group>"; };
		866BC2FE268AA727006F90E5 /* Info.plist */ = {isa = PBXFileReference; lastKnownFileType = text.plist.xml; path = Info.plist; sourceTree = "<group>"; };
		866BC303268AA727006F90E5 /* Project39 UnitTestingUITests.xctest */ = {isa = PBXFileReference; explicitFileType = wrapper.cfbundle; includeInIndex = 0; path = "Project39 UnitTestingUITests.xctest"; sourceTree = BUILT_PRODUCTS_DIR; };
		866BC307268AA727006F90E5 /* Project39_UnitTestingUITests.swift */ = {isa = PBXFileReference; lastKnownFileType = sourcecode.swift; path = Project39_UnitTestingUITests.swift; sourceTree = "<group>"; };
		866BC309268AA727006F90E5 /* Info.plist */ = {isa = PBXFileReference; lastKnownFileType = text.plist.xml; path = Info.plist; sourceTree = "<group>"; };
		866BC315268AA7F0006F90E5 /* plays.txt */ = {isa = PBXFileReference; fileEncoding = 4; lastKnownFileType = text; path = plays.txt; sourceTree = "<group>"; };
		866BC317268AA8D8006F90E5 /* PlayData.swift */ = {isa = PBXFileReference; lastKnownFileType = sourcecode.swift; path = PlayData.swift; sourceTree = "<group>"; };
/* End PBXFileReference section */

/* Begin PBXFrameworksBuildPhase section */
		866BC2DF268AA726006F90E5 /* Frameworks */ = {
			isa = PBXFrameworksBuildPhase;
			buildActionMask = 2147483647;
			files = (
			);
			runOnlyForDeploymentPostprocessing = 0;
		};
		866BC2F5268AA727006F90E5 /* Frameworks */ = {
			isa = PBXFrameworksBuildPhase;
			buildActionMask = 2147483647;
			files = (
			);
			runOnlyForDeploymentPostprocessing = 0;
		};
		866BC300268AA727006F90E5 /* Frameworks */ = {
			isa = PBXFrameworksBuildPhase;
			buildActionMask = 2147483647;
			files = (
			);
			runOnlyForDeploymentPostprocessing = 0;
		};
/* End PBXFrameworksBuildPhase section */

/* Begin PBXGroup section */
		866BC2D9268AA726006F90E5 = {
			isa = PBXGroup;
			children = (
				866BC2E4268AA726006F90E5 /* Project39 UnitTesting */,
				866BC2FB268AA727006F90E5 /* Project39 UnitTestingTests */,
				866BC306268AA727006F90E5 /* Project39 UnitTestingUITests */,
				866BC2E3268AA726006F90E5 /* Products */,
			);
			sourceTree = "<group>";
		};
		866BC2E3268AA726006F90E5 /* Products */ = {
			isa = PBXGroup;
			children = (
				866BC2E2268AA726006F90E5 /* Project39 UnitTesting.app */,
				866BC2F8268AA727006F90E5 /* Project39 UnitTestingTests.xctest */,
				866BC303268AA727006F90E5 /* Project39 UnitTestingUITests.xctest */,
			);
			name = Products;
			sourceTree = "<group>";
		};
		866BC2E4268AA726006F90E5 /* Project39 UnitTesting */ = {
			isa = PBXGroup;
			children = (
				866BC2E5268AA726006F90E5 /* AppDelegate.swift */,
				866BC2E7268AA726006F90E5 /* SceneDelegate.swift */,
				866BC2E9268AA726006F90E5 /* ViewController.swift */,
				866BC2EB268AA726006F90E5 /* Main.storyboard */,
				866BC317268AA8D8006F90E5 /* PlayData.swift */,
				866BC2EE268AA727006F90E5 /* Assets.xcassets */,
				866BC2F0268AA727006F90E5 /* LaunchScreen.storyboard */,
				866BC315268AA7F0006F90E5 /* plays.txt */,
				866BC2F3268AA727006F90E5 /* Info.plist */,
			);
			path = "Project39 UnitTesting";
			sourceTree = "<group>";
		};
		866BC2FB268AA727006F90E5 /* Project39 UnitTestingTests */ = {
			isa = PBXGroup;
			children = (
				866BC2FC268AA727006F90E5 /* Project39_UnitTestingTests.swift */,
				866BC2FE268AA727006F90E5 /* Info.plist */,
			);
			path = "Project39 UnitTestingTests";
			sourceTree = "<group>";
		};
		866BC306268AA727006F90E5 /* Project39 UnitTestingUITests */ = {
			isa = PBXGroup;
			children = (
				866BC307268AA727006F90E5 /* Project39_UnitTestingUITests.swift */,
				866BC309268AA727006F90E5 /* Info.plist */,
			);
			path = "Project39 UnitTestingUITests";
			sourceTree = "<group>";
		};
/* End PBXGroup section */

/* Begin PBXNativeTarget section */
		866BC2E1268AA726006F90E5 /* Project39 UnitTesting */ = {
			isa = PBXNativeTarget;
			buildConfigurationList = 866BC30C268AA727006F90E5 /* Build configuration list for PBXNativeTarget "Project39 UnitTesting" */;
			buildPhases = (
				866BC2DE268AA726006F90E5 /* Sources */,
				866BC2DF268AA726006F90E5 /* Frameworks */,
				866BC2E0268AA726006F90E5 /* Resources */,
			);
			buildRules = (
			);
			dependencies = (
			);
			name = "Project39 UnitTesting";
			productName = "Project39 UnitTesting";
			productReference = 866BC2E2268AA726006F90E5 /* Project39 UnitTesting.app */;
			productType = "com.apple.product-type.application";
		};
		866BC2F7268AA727006F90E5 /* Project39 UnitTestingTests */ = {
			isa = PBXNativeTarget;
			buildConfigurationList = 866BC30F268AA727006F90E5 /* Build configuration list for PBXNativeTarget "Project39 UnitTestingTests" */;
			buildPhases = (
				866BC2F4268AA727006F90E5 /* Sources */,
				866BC2F5268AA727006F90E5 /* Frameworks */,
				866BC2F6268AA727006F90E5 /* Resources */,
			);
			buildRules = (
			);
			dependencies = (
				866BC2FA268AA727006F90E5 /* PBXTargetDependency */,
			);
			name = "Project39 UnitTestingTests";
			productName = "Project39 UnitTestingTests";
			productReference = 866BC2F8268AA727006F90E5 /* Project39 UnitTestingTests.xctest */;
			productType = "com.apple.product-type.bundle.unit-test";
		};
		866BC302268AA727006F90E5 /* Project39 UnitTestingUITests */ = {
			isa = PBXNativeTarget;
			buildConfigurationList = 866BC312268AA727006F90E5 /* Build configuration list for PBXNativeTarget "Project39 UnitTestingUITests" */;
			buildPhases = (
				866BC2FF268AA727006F90E5 /* Sources */,
				866BC300268AA727006F90E5 /* Frameworks */,
				866BC301268AA727006F90E5 /* Resources */,
			);
			buildRules = (
			);
			dependencies = (
				866BC305268AA727006F90E5 /* PBXTargetDependency */,
			);
			name = "Project39 UnitTestingUITests";
			productName = "Project39 UnitTestingUITests";
			productReference = 866BC303268AA727006F90E5 /* Project39 UnitTestingUITests.xctest */;
			productType = "com.apple.product-type.bundle.ui-testing";
		};
/* End PBXNativeTarget section */

/* Begin PBXProject section */
		866BC2DA268AA726006F90E5 /* Project object */ = {
			isa = PBXProject;
			attributes = {
				LastSwiftUpdateCheck = 1250;
				LastUpgradeCheck = 1250;
				TargetAttributes = {
					866BC2E1268AA726006F90E5 = {
						CreatedOnToolsVersion = 12.5;
					};
					866BC2F7268AA727006F90E5 = {
						CreatedOnToolsVersion = 12.5;
						TestTargetID = 866BC2E1268AA726006F90E5;
					};
					866BC302268AA727006F90E5 = {
						CreatedOnToolsVersion = 12.5;
						TestTargetID = 866BC2E1268AA726006F90E5;
					};
				};
			};
			buildConfigurationList = 866BC2DD268AA726006F90E5 /* Build configuration list for PBXProject "Project39 UnitTesting" */;
			compatibilityVersion = "Xcode 9.3";
			developmentRegion = en;
			hasScannedForEncodings = 0;
			knownRegions = (
				en,
				Base,
			);
			mainGroup = 866BC2D9268AA726006F90E5;
			productRefGroup = 866BC2E3268AA726006F90E5 /* Products */;
			projectDirPath = "";
			projectRoot = "";
			targets = (
				866BC2E1268AA726006F90E5 /* Project39 UnitTesting */,
				866BC2F7268AA727006F90E5 /* Project39 UnitTestingTests */,
				866BC302268AA727006F90E5 /* Project39 UnitTestingUITests */,
			);
		};
/* End PBXProject section */

/* Begin PBXResourcesBuildPhase section */
		866BC2E0268AA726006F90E5 /* Resources */ = {
			isa = PBXResourcesBuildPhase;
			buildActionMask = 2147483647;
			files = (
				866BC316268AA7F0006F90E5 /* plays.txt in Resources */,
				866BC2F2268AA727006F90E5 /* LaunchScreen.storyboard in Resources */,
				866BC2EF268AA727006F90E5 /* Assets.xcassets in Resources */,
				866BC2ED268AA726006F90E5 /* Main.storyboard in Resources */,
			);
			runOnlyForDeploymentPostprocessing = 0;
		};
		866BC2F6268AA727006F90E5 /* Resources */ = {
			isa = PBXResourcesBuildPhase;
			buildActionMask = 2147483647;
			files = (
			);
			runOnlyForDeploymentPostprocessing = 0;
		};
		866BC301268AA727006F90E5 /* Resources */ = {
			isa = PBXResourcesBuildPhase;
			buildActionMask = 2147483647;
			files = (
			);
			runOnlyForDeploymentPostprocessing = 0;
		};
/* End PBXResourcesBuildPhase section */

/* Begin PBXSourcesBuildPhase section */
		866BC2DE268AA726006F90E5 /* Sources */ = {
			isa = PBXSourcesBuildPhase;
			buildActionMask = 2147483647;
			files = (
				866BC2EA268AA726006F90E5 /* ViewController.swift in Sources */,
				866BC318268AA8D8006F90E5 /* PlayData.swift in Sources */,
				866BC2E6268AA726006F90E5 /* AppDelegate.swift in Sources */,
				866BC2E8268AA726006F90E5 /* SceneDelegate.swift in Sources */,
			);
			runOnlyForDeploymentPostprocessing = 0;
		};
		866BC2F4268AA727006F90E5 /* Sources */ = {
			isa = PBXSourcesBuildPhase;
			buildActionMask = 2147483647;
			files = (
				866BC2FD268AA727006F90E5 /* Project39_UnitTestingTests.swift in Sources */,
			);
			runOnlyForDeploymentPostprocessing = 0;
		};
		866BC2FF268AA727006F90E5 /* Sources */ = {
			isa = PBXSourcesBuildPhase;
			buildActionMask = 2147483647;
			files = (
				866BC308268AA727006F90E5 /* Project39_UnitTestingUITests.swift in Sources */,
			);
			runOnlyForDeploymentPostprocessing = 0;
		};
/* End PBXSourcesBuildPhase section */

/* Begin PBXTargetDependency section */
		866BC2FA268AA727006F90E5 /* PBXTargetDependency */ = {
			isa = PBXTargetDependency;
			target = 866BC2E1268AA726006F90E5 /* Project39 UnitTesting */;
			targetProxy = 866BC2F9268AA727006F90E5 /* PBXContainerItemProxy */;
		};
		866BC305268AA727006F90E5 /* PBXTargetDependency */ = {
			isa = PBXTargetDependency;
			target = 866BC2E1268AA726006F90E5 /* Project39 UnitTesting */;
			targetProxy = 866BC304268AA727006F90E5 /* PBXContainerItemProxy */;
		};
/* End PBXTargetDependency section */

/* Begin PBXVariantGroup section */
		866BC2EB268AA726006F90E5 /* Main.storyboard */ = {
			isa = PBXVariantGroup;
			children = (
				866BC2EC268AA726006F90E5 /* Base */,
			);
			name = Main.storyboard;
			sourceTree = "<group>";
		};
		866BC2F0268AA727006F90E5 /* LaunchScreen.storyboard */ = {
			isa = PBXVariantGroup;
			children = (
				866BC2F1268AA727006F90E5 /* Base */,
			);
			name = LaunchScreen.storyboard;
			sourceTree = "<group>";
		};
/* End PBXVariantGroup section */

/* Begin XCBuildConfiguration section */
		866BC30A268AA727006F90E5 /* Debug */ = {
			isa = XCBuildConfiguration;
			buildSettings = {
				ALWAYS_SEARCH_USER_PATHS = NO;
				CLANG_ANALYZER_NONNULL = YES;
				CLANG_ANALYZER_NUMBER_OBJECT_CONVERSION = YES_AGGRESSIVE;
				CLANG_CXX_LANGUAGE_STANDARD = "gnu++14";
				CLANG_CXX_LIBRARY = "libc++";
				CLANG_ENABLE_MODULES = YES;
				CLANG_ENABLE_OBJC_ARC = YES;
				CLANG_ENABLE_OBJC_WEAK = YES;
				CLANG_WARN_BLOCK_CAPTURE_AUTORELEASING = YES;
				CLANG_WARN_BOOL_CONVERSION = YES;
				CLANG_WARN_COMMA = YES;
				CLANG_WARN_CONSTANT_CONVERSION = YES;
				CLANG_WARN_DEPRECATED_OBJC_IMPLEMENTATIONS = YES;
				CLANG_WARN_DIRECT_OBJC_ISA_USAGE = YES_ERROR;
				CLANG_WARN_DOCUMENTATION_COMMENTS = YES;
				CLANG_WARN_EMPTY_BODY = YES;
				CLANG_WARN_ENUM_CONVERSION = YES;
				CLANG_WARN_INFINITE_RECURSION = YES;
				CLANG_WARN_INT_CONVERSION = YES;
				CLANG_WARN_NON_LITERAL_NULL_CONVERSION = YES;
				CLANG_WARN_OBJC_IMPLICIT_RETAIN_SELF = YES;
				CLANG_WARN_OBJC_LITERAL_CONVERSION = YES;
				CLANG_WARN_OBJC_ROOT_CLASS = YES_ERROR;
				CLANG_WARN_QUOTED_INCLUDE_IN_FRAMEWORK_HEADER = YES;
				CLANG_WARN_RANGE_LOOP_ANALYSIS = YES;
				CLANG_WARN_STRICT_PROTOTYPES = YES;
				CLANG_WARN_SUSPICIOUS_MOVE = YES;
				CLANG_WARN_UNGUARDED_AVAILABILITY = YES_AGGRESSIVE;
				CLANG_WARN_UNREACHABLE_CODE = YES;
				CLANG_WARN__DUPLICATE_METHOD_MATCH = YES;
				COPY_PHASE_STRIP = NO;
				DEBUG_INFORMATION_FORMAT = dwarf;
				ENABLE_STRICT_OBJC_MSGSEND = YES;
				ENABLE_TESTABILITY = YES;
				GCC_C_LANGUAGE_STANDARD = gnu11;
				GCC_DYNAMIC_NO_PIC = NO;
				GCC_NO_COMMON_BLOCKS = YES;
				GCC_OPTIMIZATION_LEVEL = 0;
				GCC_PREPROCESSOR_DEFINITIONS = (
					"DEBUG=1",
					"$(inherited)",
				);
				GCC_WARN_64_TO_32_BIT_CONVERSION = YES;
				GCC_WARN_ABOUT_RETURN_TYPE = YES_ERROR;
				GCC_WARN_UNDECLARED_SELECTOR = YES;
				GCC_WARN_UNINITIALIZED_AUTOS = YES_AGGRESSIVE;
				GCC_WARN_UNUSED_FUNCTION = YES;
				GCC_WARN_UNUSED_VARIABLE = YES;
				IPHONEOS_DEPLOYMENT_TARGET = 14.5;
				MTL_ENABLE_DEBUG_INFO = INCLUDE_SOURCE;
				MTL_FAST_MATH = YES;
				ONLY_ACTIVE_ARCH = YES;
				SDKROOT = iphoneos;
				SWIFT_ACTIVE_COMPILATION_CONDITIONS = DEBUG;
				SWIFT_OPTIMIZATION_LEVEL = "-Onone";
			};
			name = Debug;
		};
		866BC30B268AA727006F90E5 /* Release */ = {
			isa = XCBuildConfiguration;
			buildSettings = {
				ALWAYS_SEARCH_USER_PATHS = NO;
				CLANG_ANALYZER_NONNULL = YES;
				CLANG_ANALYZER_NUMBER_OBJECT_CONVERSION = YES_AGGRESSIVE;
				CLANG_CXX_LANGUAGE_STANDARD = "gnu++14";
				CLANG_CXX_LIBRARY = "libc++";
				CLANG_ENABLE_MODULES = YES;
				CLANG_ENABLE_OBJC_ARC = YES;
				CLANG_ENABLE_OBJC_WEAK = YES;
				CLANG_WARN_BLOCK_CAPTURE_AUTORELEASING = YES;
				CLANG_WARN_BOOL_CONVERSION = YES;
				CLANG_WARN_COMMA = YES;
				CLANG_WARN_CONSTANT_CONVERSION = YES;
				CLANG_WARN_DEPRECATED_OBJC_IMPLEMENTATIONS = YES;
				CLANG_WARN_DIRECT_OBJC_ISA_USAGE = YES_ERROR;
				CLANG_WARN_DOCUMENTATION_COMMENTS = YES;
				CLANG_WARN_EMPTY_BODY = YES;
				CLANG_WARN_ENUM_CONVERSION = YES;
				CLANG_WARN_INFINITE_RECURSION = YES;
				CLANG_WARN_INT_CONVERSION = YES;
				CLANG_WARN_NON_LITERAL_NULL_CONVERSION = YES;
				CLANG_WARN_OBJC_IMPLICIT_RETAIN_SELF = YES;
				CLANG_WARN_OBJC_LITERAL_CONVERSION = YES;
				CLANG_WARN_OBJC_ROOT_CLASS = YES_ERROR;
				CLANG_WARN_QUOTED_INCLUDE_IN_FRAMEWORK_HEADER = YES;
				CLANG_WARN_RANGE_LOOP_ANALYSIS = YES;
				CLANG_WARN_STRICT_PROTOTYPES = YES;
				CLANG_WARN_SUSPICIOUS_MOVE = YES;
				CLANG_WARN_UNGUARDED_AVAILABILITY = YES_AGGRESSIVE;
				CLANG_WARN_UNREACHABLE_CODE = YES;
				CLANG_WARN__DUPLICATE_METHOD_MATCH = YES;
				COPY_PHASE_STRIP = NO;
				DEBUG_INFORMATION_FORMAT = "dwarf-with-dsym";
				ENABLE_NS_ASSERTIONS = NO;
				ENABLE_STRICT_OBJC_MSGSEND = YES;
				GCC_C_LANGUAGE_STANDARD = gnu11;
				GCC_NO_COMMON_BLOCKS = YES;
				GCC_WARN_64_TO_32_BIT_CONVERSION = YES;
				GCC_WARN_ABOUT_RETURN_TYPE = YES_ERROR;
				GCC_WARN_UNDECLARED_SELECTOR = YES;
				GCC_WARN_UNINITIALIZED_AUTOS = YES_AGGRESSIVE;
				GCC_WARN_UNUSED_FUNCTION = YES;
				GCC_WARN_UNUSED_VARIABLE = YES;
				IPHONEOS_DEPLOYMENT_TARGET = 14.5;
				MTL_ENABLE_DEBUG_INFO = NO;
				MTL_FAST_MATH = YES;
				SDKROOT = iphoneos;
				SWIFT_COMPILATION_MODE = wholemodule;
				SWIFT_OPTIMIZATION_LEVEL = "-O";
				VALIDATE_PRODUCT = YES;
			};
			name = Release;
		};
		866BC30D268AA727006F90E5 /* Debug */ = {
			isa = XCBuildConfiguration;
			buildSettings = {
				ASSETCATALOG_COMPILER_APPICON_NAME = AppIcon;
				ASSETCATALOG_COMPILER_GLOBAL_ACCENT_COLOR_NAME = AccentColor;
				CODE_SIGN_STYLE = Automatic;
				DEVELOPMENT_TEAM = L5X28646AN;
				INFOPLIST_FILE = "Project39 UnitTesting/Info.plist";
				LD_RUNPATH_SEARCH_PATHS = (
					"$(inherited)",
					"@executable_path/Frameworks",
				);
				PRODUCT_BUNDLE_IDENTIFIER = com.phil.training.example;
				PRODUCT_NAME = "$(TARGET_NAME)";
				SWIFT_VERSION = 5.0;
				TARGETED_DEVICE_FAMILY = "1,2";
			};
			name = Debug;
		};
		866BC30E268AA727006F90E5 /* Release */ = {
			isa = XCBuildConfiguration;
			buildSettings = {
				ASSETCATALOG_COMPILER_APPICON_NAME = AppIcon;
				ASSETCATALOG_COMPILER_GLOBAL_ACCENT_COLOR_NAME = AccentColor;
				CODE_SIGN_STYLE = Automatic;
				DEVELOPMENT_TEAM = L5X28646AN;
				INFOPLIST_FILE = "Project39 UnitTesting/Info.plist";
				LD_RUNPATH_SEARCH_PATHS = (
					"$(inherited)",
					"@executable_path/Frameworks",
				);
				PRODUCT_BUNDLE_IDENTIFIER = com.phil.training.example;
				PRODUCT_NAME = "$(TARGET_NAME)";
				SWIFT_VERSION = 5.0;
				TARGETED_DEVICE_FAMILY = "1,2";
			};
			name = Release;
		};
		866BC310268AA727006F90E5 /* Debug */ = {
			isa = XCBuildConfiguration;
			buildSettings = {
				ALWAYS_EMBED_SWIFT_STANDARD_LIBRARIES = YES;
				BUNDLE_LOADER = "$(TEST_HOST)";
				CODE_SIGN_STYLE = Automatic;
				DEVELOPMENT_TEAM = L5X28646AN;
				INFOPLIST_FILE = "Project39 UnitTestingTests/Info.plist";
				IPHONEOS_DEPLOYMENT_TARGET = 14.5;
				LD_RUNPATH_SEARCH_PATHS = (
					"$(inherited)",
					"@executable_path/Frameworks",
					"@loader_path/Frameworks",
				);
				PRODUCT_BUNDLE_IDENTIFIER = com.phil.training.example;
				PRODUCT_NAME = "$(TARGET_NAME)";
				SWIFT_VERSION = 5.0;
				TARGETED_DEVICE_FAMILY = "1,2";
				TEST_HOST = "$(BUILT_PRODUCTS_DIR)/Project39 UnitTesting.app/Project39 UnitTesting";
			};
			name = Debug;
		};
		866BC311268AA727006F90E5 /* Release */ = {
			isa = XCBuildConfiguration;
			buildSettings = {
				ALWAYS_EMBED_SWIFT_STANDARD_LIBRARIES = YES;
				BUNDLE_LOADER = "$(TEST_HOST)";
				CODE_SIGN_STYLE = Automatic;
				DEVELOPMENT_TEAM = L5X28646AN;
				INFOPLIST_FILE = "Project39 UnitTestingTests/Info.plist";
				IPHONEOS_DEPLOYMENT_TARGET = 14.5;
				LD_RUNPATH_SEARCH_PATHS = (
					"$(inherited)",
					"@executable_path/Frameworks",
					"@loader_path/Frameworks",
				);
				PRODUCT_BUNDLE_IDENTIFIER = com.phil.training.example;
				PRODUCT_NAME = "$(TARGET_NAME)";
				SWIFT_VERSION = 5.0;
				TARGETED_DEVICE_FAMILY = "1,2";
				TEST_HOST = "$(BUILT_PRODUCTS_DIR)/Project39 UnitTesting.app/Project39 UnitTesting";
			};
			name = Release;
		};
		866BC313268AA727006F90E5 /* Debug */ = {
			isa = XCBuildConfiguration;
			buildSettings = {
				ALWAYS_EMBED_SWIFT_STANDARD_LIBRARIES = YES;
				CODE_SIGN_IDENTITY = "Apple Development";
				"CODE_SIGN_IDENTITY[sdk=macosx*]" = "Apple Development";
				CODE_SIGN_STYLE = Automatic;
				DEVELOPMENT_TEAM = L5X28646AN;
				INFOPLIST_FILE = "Project39 UnitTestingUITests/Info.plist";
				LD_RUNPATH_SEARCH_PATHS = (
					"$(inherited)",
					"@executable_path/Frameworks",
					"@loader_path/Frameworks",
				);
				PRODUCT_BUNDLE_IDENTIFIER = com.phil.training.example;
				PRODUCT_NAME = "$(TARGET_NAME)";
				PROVISIONING_PROFILE_SPECIFIER = "";
				"PROVISIONING_PROFILE_SPECIFIER[sdk=macosx*]" = "";
				SWIFT_VERSION = 5.0;
				TARGETED_DEVICE_FAMILY = "1,2";
				TEST_TARGET_NAME = "Project39 UnitTesting";
			};
			name = Debug;
		};
		866BC314268AA727006F90E5 /* Release */ = {
			isa = XCBuildConfiguration;
			buildSettings = {
				ALWAYS_EMBED_SWIFT_STANDARD_LIBRARIES = YES;
				CODE_SIGN_IDENTITY = "Apple Development";
				"CODE_SIGN_IDENTITY[sdk=macosx*]" = "Apple Development";
				CODE_SIGN_STYLE = Automatic;
				DEVELOPMENT_TEAM = L5X28646AN;
				INFOPLIST_FILE = "Project39 UnitTestingUITests/Info.plist";
				LD_RUNPATH_SEARCH_PATHS = (
					"$(inherited)",
					"@executable_path/Frameworks",
					"@loader_path/Frameworks",
				);
				PRODUCT_BUNDLE_IDENTIFIER = com.phil.training.example;
				PRODUCT_NAME = "$(TARGET_NAME)";
				PROVISIONING_PROFILE_SPECIFIER = "";
				"PROVISIONING_PROFILE_SPECIFIER[sdk=macosx*]" = "";
				SWIFT_VERSION = 5.0;
				TARGETED_DEVICE_FAMILY = "1,2";
				TEST_TARGET_NAME = "Project39 UnitTesting";
			};
			name = Release;
		};
/* End XCBuildConfiguration section */

/* Begin XCConfigurationList section */
		866BC2DD268AA726006F90E5 /* Build configuration list for PBXProject "Project39 UnitTesting" */ = {
			isa = XCConfigurationList;
			buildConfigurations = (
				866BC30A268AA727006F90E5 /* Debug */,
				866BC30B268AA727006F90E5 /* Release */,
			);
			defaultConfigurationIsVisible = 0;
			defaultConfigurationName = Release;
		};
		866BC30C268AA727006F90E5 /* Build configuration list for PBXNativeTarget "Project39 UnitTesting" */ = {
			isa = XCConfigurationList;
			buildConfigurations = (
				866BC30D268AA727006F90E5 /* Debug */,
				866BC30E268AA727006F90E5 /* Release */,
			);
			defaultConfigurationIsVisible = 0;
			defaultConfigurationName = Release;
		};
		866BC30F268AA727006F90E5 /* Build configuration list for PBXNativeTarget "Project39 UnitTestingTests" */ = {
			isa = XCConfigurationList;
			buildConfigurations = (
				866BC310268AA727006F90E5 /* Debug */,
				866BC311268AA727006F90E5 /* Release */,
			);
			defaultConfigurationIsVisible = 0;
			defaultConfigurationName = Release;
		};
		866BC312268AA727006F90E5 /* Build configuration list for PBXNativeTarget "Project39 UnitTestingUITests" */ = {
			isa = XCConfigurationList;
			buildConfigurations = (
				866BC313268AA727006F90E5 /* Debug */,
				866BC314268AA727006F90E5 /* Release */,
			);
			defaultConfigurationIsVisible = 0;
			defaultConfigurationName = Release;
		};
/* End XCConfigurationList section */
	};
	rootObject = 866BC2DA268AA726006F90E5 /* Project object */;
}
